// !$*UTF8*$!
{
	archiveVersion = 1;
	classes = {
	};
	objectVersion = 54;
	objects = {

/* Begin PBXBuildFile section */
		4A00DD92295037B8000D66F6 /* SidebarSubMenuViewController.swift in Sources */ = {isa = PBXBuildFile; fileRef = 4A00DD91295037B8000D66F6 /* SidebarSubMenuViewController.swift */; };
		4A00DD94295039BB000D66F6 /* ListingViewController.swift in Sources */ = {isa = PBXBuildFile; fileRef = 4A00DD93295039BB000D66F6 /* ListingViewController.swift */; };
		4A00DD962950406A000D66F6 /* CameraCollectionViewCell.swift in Sources */ = {isa = PBXBuildFile; fileRef = 4A00DD952950406A000D66F6 /* CameraCollectionViewCell.swift */; };
		4A00DD9829504169000D66F6 /* MJPEGStreamLib in Resources */ = {isa = PBXBuildFile; fileRef = 4A00DD9729504169000D66F6 /* MJPEGStreamLib */; };
		4A00DD9B295045BA000D66F6 /* MJPEGStreamLib.swift in Sources */ = {isa = PBXBuildFile; fileRef = 4A00DD9A295045BA000D66F6 /* MJPEGStreamLib.swift */; };
		4A4B907A2948A6E800CCF938 /* DataManager.swift in Sources */ = {isa = PBXBuildFile; fileRef = 4A4B90792948A6E800CCF938 /* DataManager.swift */; };
		4A4B907D2948A86E00CCF938 /* TVItemVO.swift in Sources */ = {isa = PBXBuildFile; fileRef = 4A4B907C2948A86E00CCF938 /* TVItemVO.swift */; };
		4A4B907F2948A89B00CCF938 /* CameraItemVO.swift in Sources */ = {isa = PBXBuildFile; fileRef = 4A4B907E2948A89B00CCF938 /* CameraItemVO.swift */; };
		4A9C9EA12949FC640051C695 /* AllowedTVs.json in Resources */ = {isa = PBXBuildFile; fileRef = 4A9C9EA02949FC640051C695 /* AllowedTVs.json */; };
		4A9C9EA32949FC6B0051C695 /* Cameras.json in Resources */ = {isa = PBXBuildFile; fileRef = 4A9C9EA22949FC6B0051C695 /* Cameras.json */; };
		4AB3FDAB294C7C5400875B8D /* TVTableCellRenderer.swift in Sources */ = {isa = PBXBuildFile; fileRef = 4AB3FDAA294C7C5400875B8D /* TVTableCellRenderer.swift */; };
		4AB3FDAE294C928F00875B8D /* UIExtensions.swift in Sources */ = {isa = PBXBuildFile; fileRef = 4AB3FDAD294C928F00875B8D /* UIExtensions.swift */; };
		4AB3FDB0294C93F600875B8D /* SidebarRootMenuViewController.swift in Sources */ = {isa = PBXBuildFile; fileRef = 4AB3FDAF294C93F600875B8D /* SidebarRootMenuViewController.swift */; };
		4AC2142329545C2B00FAD9B7 /* SplitViewController.swift in Sources */ = {isa = PBXBuildFile; fileRef = 4AC2142229545C2B00FAD9B7 /* SplitViewController.swift */; };
		4AC9640C295305EA000F0EFB /* CameraFullscreenViewController.swift in Sources */ = {isa = PBXBuildFile; fileRef = 4AC9640B295305EA000F0EFB /* CameraFullscreenViewController.swift */; };
		4AC9640E295325E0000F0EFB /* Constants.swift in Sources */ = {isa = PBXBuildFile; fileRef = 4AC9640D295325E0000F0EFB /* Constants.swift */; };
		4AC9641429532FB7000F0EFB /* GroupVO.swift in Sources */ = {isa = PBXBuildFile; fileRef = 4AC9641329532FB7000F0EFB /* GroupVO.swift */; };
		4AD9D9422940994200BC1EE8 /* AppDelegate.swift in Sources */ = {isa = PBXBuildFile; fileRef = 4AD9D9412940994200BC1EE8 /* AppDelegate.swift */; };
		4AD9D9442940994200BC1EE8 /* WelcomeController.swift in Sources */ = {isa = PBXBuildFile; fileRef = 4AD9D9432940994200BC1EE8 /* WelcomeController.swift */; };
		4AD9D9472940994200BC1EE8 /* Main.storyboard in Resources */ = {isa = PBXBuildFile; fileRef = 4AD9D9452940994200BC1EE8 /* Main.storyboard */; };
		4AD9D9492940994300BC1EE8 /* Assets.xcassets in Resources */ = {isa = PBXBuildFile; fileRef = 4AD9D9482940994300BC1EE8 /* Assets.xcassets */; };
		4AD9D94C2940994300BC1EE8 /* LaunchScreen.storyboard in Resources */ = {isa = PBXBuildFile; fileRef = 4AD9D94A2940994300BC1EE8 /* LaunchScreen.storyboard */; };
		4AD9D9562940994300BC1EE8 /* ZoneMinderTests.swift in Sources */ = {isa = PBXBuildFile; fileRef = 4AD9D9552940994300BC1EE8 /* ZoneMinderTests.swift */; };
		4AD9D9602940994300BC1EE8 /* ZoneMinderUITests.swift in Sources */ = {isa = PBXBuildFile; fileRef = 4AD9D95F2940994300BC1EE8 /* ZoneMinderUITests.swift */; };
		4AD9D9622940994300BC1EE8 /* ZoneMinderUITestsLaunchTests.swift in Sources */ = {isa = PBXBuildFile; fileRef = 4AD9D9612940994300BC1EE8 /* ZoneMinderUITestsLaunchTests.swift */; };
/* End PBXBuildFile section */

/* Begin PBXContainerItemProxy section */
		4AD9D9522940994300BC1EE8 /* PBXContainerItemProxy */ = {
			isa = PBXContainerItemProxy;
			containerPortal = 4AD9D9362940994200BC1EE8 /* Project object */;
			proxyType = 1;
			remoteGlobalIDString = 4AD9D93D2940994200BC1EE8;
			remoteInfo = ZoneMinder;
		};
		4AD9D95C2940994300BC1EE8 /* PBXContainerItemProxy */ = {
			isa = PBXContainerItemProxy;
			containerPortal = 4AD9D9362940994200BC1EE8 /* Project object */;
			proxyType = 1;
			remoteGlobalIDString = 4AD9D93D2940994200BC1EE8;
			remoteInfo = ZoneMinder;
		};
/* End PBXContainerItemProxy section */

/* Begin PBXFileReference section */
		4A00DD91295037B8000D66F6 /* SidebarSubMenuViewController.swift */ = {isa = PBXFileReference; lastKnownFileType = sourcecode.swift; path = SidebarSubMenuViewController.swift; sourceTree = "<group>"; };
		4A00DD93295039BB000D66F6 /* ListingViewController.swift */ = {isa = PBXFileReference; lastKnownFileType = sourcecode.swift; path = ListingViewController.swift; sourceTree = "<group>"; };
		4A00DD952950406A000D66F6 /* CameraCollectionViewCell.swift */ = {isa = PBXFileReference; lastKnownFileType = sourcecode.swift; path = CameraCollectionViewCell.swift; sourceTree = "<group>"; };
		4A00DD9729504169000D66F6 /* MJPEGStreamLib */ = {isa = PBXFileReference; lastKnownFileType = folder; path = MJPEGStreamLib; sourceTree = "<group>"; };
		4A00DD9A295045BA000D66F6 /* MJPEGStreamLib.swift */ = {isa = PBXFileReference; lastKnownFileType = sourcecode.swift; path = MJPEGStreamLib.swift; sourceTree = "<group>"; };
		4A4B90792948A6E800CCF938 /* DataManager.swift */ = {isa = PBXFileReference; lastKnownFileType = sourcecode.swift; path = DataManager.swift; sourceTree = "<group>"; };
		4A4B907C2948A86E00CCF938 /* TVItemVO.swift */ = {isa = PBXFileReference; lastKnownFileType = sourcecode.swift; path = TVItemVO.swift; sourceTree = "<group>"; };
		4A4B907E2948A89B00CCF938 /* CameraItemVO.swift */ = {isa = PBXFileReference; lastKnownFileType = sourcecode.swift; path = CameraItemVO.swift; sourceTree = "<group>"; };
		4A9C9EA02949FC640051C695 /* AllowedTVs.json */ = {isa = PBXFileReference; fileEncoding = 4; lastKnownFileType = text.json; path = AllowedTVs.json; sourceTree = "<group>"; };
		4A9C9EA22949FC6B0051C695 /* Cameras.json */ = {isa = PBXFileReference; fileEncoding = 4; lastKnownFileType = text.json; path = Cameras.json; sourceTree = "<group>"; };
		4AB3FDAA294C7C5400875B8D /* TVTableCellRenderer.swift */ = {isa = PBXFileReference; lastKnownFileType = sourcecode.swift; path = TVTableCellRenderer.swift; sourceTree = "<group>"; };
		4AB3FDAD294C928F00875B8D /* UIExtensions.swift */ = {isa = PBXFileReference; lastKnownFileType = sourcecode.swift; path = UIExtensions.swift; sourceTree = "<group>"; };
		4AB3FDAF294C93F600875B8D /* SidebarRootMenuViewController.swift */ = {isa = PBXFileReference; lastKnownFileType = sourcecode.swift; path = SidebarRootMenuViewController.swift; sourceTree = "<group>"; };
		4AC2142229545C2B00FAD9B7 /* SplitViewController.swift */ = {isa = PBXFileReference; lastKnownFileType = sourcecode.swift; path = SplitViewController.swift; sourceTree = "<group>"; };
		4AC9640B295305EA000F0EFB /* CameraFullscreenViewController.swift */ = {isa = PBXFileReference; lastKnownFileType = sourcecode.swift; path = CameraFullscreenViewController.swift; sourceTree = "<group>"; };
		4AC9640D295325E0000F0EFB /* Constants.swift */ = {isa = PBXFileReference; lastKnownFileType = sourcecode.swift; path = Constants.swift; sourceTree = "<group>"; };
		4AC9641329532FB7000F0EFB /* GroupVO.swift */ = {isa = PBXFileReference; lastKnownFileType = sourcecode.swift; path = GroupVO.swift; sourceTree = "<group>"; };
		4AD9D93E2940994200BC1EE8 /* ZoneMinder.app */ = {isa = PBXFileReference; explicitFileType = wrapper.application; includeInIndex = 0; path = ZoneMinder.app; sourceTree = BUILT_PRODUCTS_DIR; };
		4AD9D9412940994200BC1EE8 /* AppDelegate.swift */ = {isa = PBXFileReference; lastKnownFileType = sourcecode.swift; path = AppDelegate.swift; sourceTree = "<group>"; };
		4AD9D9432940994200BC1EE8 /* WelcomeController.swift */ = {isa = PBXFileReference; lastKnownFileType = sourcecode.swift; path = WelcomeController.swift; sourceTree = "<group>"; };
		4AD9D9462940994200BC1EE8 /* Base */ = {isa = PBXFileReference; lastKnownFileType = file.storyboard; name = Base; path = Base.lproj/Main.storyboard; sourceTree = "<group>"; };
		4AD9D9482940994300BC1EE8 /* Assets.xcassets */ = {isa = PBXFileReference; lastKnownFileType = folder.assetcatalog; path = Assets.xcassets; sourceTree = "<group>"; };
		4AD9D94B2940994300BC1EE8 /* Base */ = {isa = PBXFileReference; lastKnownFileType = file.storyboard; name = Base; path = Base.lproj/LaunchScreen.storyboard; sourceTree = "<group>"; };
		4AD9D9512940994300BC1EE8 /* ZoneMinderTests.xctest */ = {isa = PBXFileReference; explicitFileType = wrapper.cfbundle; includeInIndex = 0; path = ZoneMinderTests.xctest; sourceTree = BUILT_PRODUCTS_DIR; };
		4AD9D9552940994300BC1EE8 /* ZoneMinderTests.swift */ = {isa = PBXFileReference; lastKnownFileType = sourcecode.swift; path = ZoneMinderTests.swift; sourceTree = "<group>"; };
		4AD9D95B2940994300BC1EE8 /* ZoneMinderUITests.xctest */ = {isa = PBXFileReference; explicitFileType = wrapper.cfbundle; includeInIndex = 0; path = ZoneMinderUITests.xctest; sourceTree = BUILT_PRODUCTS_DIR; };
		4AD9D95F2940994300BC1EE8 /* ZoneMinderUITests.swift */ = {isa = PBXFileReference; lastKnownFileType = sourcecode.swift; path = ZoneMinderUITests.swift; sourceTree = "<group>"; };
		4AD9D9612940994300BC1EE8 /* ZoneMinderUITestsLaunchTests.swift */ = {isa = PBXFileReference; lastKnownFileType = sourcecode.swift; path = ZoneMinderUITestsLaunchTests.swift; sourceTree = "<group>"; };
/* End PBXFileReference section */

/* Begin PBXFrameworksBuildPhase section */
		4AD9D93B2940994200BC1EE8 /* Frameworks */ = {
			isa = PBXFrameworksBuildPhase;
			buildActionMask = 2147483647;
			files = (
			);
			runOnlyForDeploymentPostprocessing = 0;
		};
		4AD9D94E2940994300BC1EE8 /* Frameworks */ = {
			isa = PBXFrameworksBuildPhase;
			buildActionMask = 2147483647;
			files = (
			);
			runOnlyForDeploymentPostprocessing = 0;
		};
		4AD9D9582940994300BC1EE8 /* Frameworks */ = {
			isa = PBXFrameworksBuildPhase;
			buildActionMask = 2147483647;
			files = (
			);
			runOnlyForDeploymentPostprocessing = 0;
		};
/* End PBXFrameworksBuildPhase section */

/* Begin PBXGroup section */
		4A2293622949DD3900076BB3 /* ViewControllers */ = {
			isa = PBXGroup;
			children = (
				4AD9D9432940994200BC1EE8 /* WelcomeController.swift */,
				4AB3FDAF294C93F600875B8D /* SidebarRootMenuViewController.swift */,
				4A00DD91295037B8000D66F6 /* SidebarSubMenuViewController.swift */,
				4A00DD93295039BB000D66F6 /* ListingViewController.swift */,
				4AC9640B295305EA000F0EFB /* CameraFullscreenViewController.swift */,
				4AC2142229545C2B00FAD9B7 /* SplitViewController.swift */,
			);
			path = ViewControllers;
			sourceTree = "<group>";
		};
		4A4B90782948A65F00CCF938 /* Controllers */ = {
			isa = PBXGroup;
			children = (
				4A4B90792948A6E800CCF938 /* DataManager.swift */,
				4AC9640D295325E0000F0EFB /* Constants.swift */,
			);
			path = Controllers;
			sourceTree = "<group>";
		};
		4A4B907B2948A84900CCF938 /* ValueObjects */ = {
			isa = PBXGroup;
			children = (
				4A4B907C2948A86E00CCF938 /* TVItemVO.swift */,
				4A4B907E2948A89B00CCF938 /* CameraItemVO.swift */,
				4AC9641329532FB7000F0EFB /* GroupVO.swift */,
			);
			path = ValueObjects;
			sourceTree = "<group>";
		};
		4A9C9E9F2949FC3B0051C695 /* Resources */ = {
			isa = PBXGroup;
			children = (
				4A9C9EA22949FC6B0051C695 /* Cameras.json */,
				4A9C9EA02949FC640051C695 /* AllowedTVs.json */,
			);
			path = Resources;
			sourceTree = "<group>";
		};
		4AB3FDA9294C7C2300875B8D /* Renderers */ = {
			isa = PBXGroup;
			children = (
				4AB3FDAA294C7C5400875B8D /* TVTableCellRenderer.swift */,
				4A00DD952950406A000D66F6 /* CameraCollectionViewCell.swift */,
			);
			path = Renderers;
			sourceTree = "<group>";
		};
		4AB3FDAC294C928200875B8D /* Utils */ = {
			isa = PBXGroup;
			children = (
				4AB3FDAD294C928F00875B8D /* UIExtensions.swift */,
			);
			path = Utils;
			sourceTree = "<group>";
		};
		4AD9D9352940994200BC1EE8 = {
			isa = PBXGroup;
			children = (
				4A00DD9A295045BA000D66F6 /* MJPEGStreamLib.swift */,
				4AD9D9402940994200BC1EE8 /* ZoneMinder */,
				4AD9D9542940994300BC1EE8 /* ZoneMinderTests */,
				4AD9D95E2940994300BC1EE8 /* ZoneMinderUITests */,
				4AD9D93F2940994200BC1EE8 /* Products */,
			);
			sourceTree = "<group>";
		};
		4AD9D93F2940994200BC1EE8 /* Products */ = {
			isa = PBXGroup;
			children = (
				4AD9D93E2940994200BC1EE8 /* ZoneMinder.app */,
				4AD9D9512940994300BC1EE8 /* ZoneMinderTests.xctest */,
				4AD9D95B2940994300BC1EE8 /* ZoneMinderUITests.xctest */,
			);
			name = Products;
			sourceTree = "<group>";
		};
		4AD9D9402940994200BC1EE8 /* ZoneMinder */ = {
			isa = PBXGroup;
			children = (
				4A00DD9729504169000D66F6 /* MJPEGStreamLib */,
				4AB3FDAC294C928200875B8D /* Utils */,
				4AB3FDA9294C7C2300875B8D /* Renderers */,
				4A9C9E9F2949FC3B0051C695 /* Resources */,
				4A2293622949DD3900076BB3 /* ViewControllers */,
				4A4B907B2948A84900CCF938 /* ValueObjects */,
				4A4B90782948A65F00CCF938 /* Controllers */,
				4AD9D9412940994200BC1EE8 /* AppDelegate.swift */,
				4AD9D9452940994200BC1EE8 /* Main.storyboard */,
				4AD9D9482940994300BC1EE8 /* Assets.xcassets */,
				4AD9D94A2940994300BC1EE8 /* LaunchScreen.storyboard */,
			);
			path = ZoneMinder;
			sourceTree = "<group>";
		};
		4AD9D9542940994300BC1EE8 /* ZoneMinderTests */ = {
			isa = PBXGroup;
			children = (
				4AD9D9552940994300BC1EE8 /* ZoneMinderTests.swift */,
			);
			path = ZoneMinderTests;
			sourceTree = "<group>";
		};
		4AD9D95E2940994300BC1EE8 /* ZoneMinderUITests */ = {
			isa = PBXGroup;
			children = (
				4AD9D95F2940994300BC1EE8 /* ZoneMinderUITests.swift */,
				4AD9D9612940994300BC1EE8 /* ZoneMinderUITestsLaunchTests.swift */,
			);
			path = ZoneMinderUITests;
			sourceTree = "<group>";
		};
/* End PBXGroup section */

/* Begin PBXNativeTarget section */
		4AD9D93D2940994200BC1EE8 /* ZoneMinder */ = {
			isa = PBXNativeTarget;
			buildConfigurationList = 4AD9D9652940994300BC1EE8 /* Build configuration list for PBXNativeTarget "ZoneMinder" */;
			buildPhases = (
				4AD9D93A2940994200BC1EE8 /* Sources */,
				4AD9D93B2940994200BC1EE8 /* Frameworks */,
				4AD9D93C2940994200BC1EE8 /* Resources */,
			);
			buildRules = (
			);
			dependencies = (
			);
			name = ZoneMinder;
			productName = ZoneMinder;
			productReference = 4AD9D93E2940994200BC1EE8 /* ZoneMinder.app */;
			productType = "com.apple.product-type.application";
		};
		4AD9D9502940994300BC1EE8 /* ZoneMinderTests */ = {
			isa = PBXNativeTarget;
			buildConfigurationList = 4AD9D9682940994300BC1EE8 /* Build configuration list for PBXNativeTarget "ZoneMinderTests" */;
			buildPhases = (
				4AD9D94D2940994300BC1EE8 /* Sources */,
				4AD9D94E2940994300BC1EE8 /* Frameworks */,
				4AD9D94F2940994300BC1EE8 /* Resources */,
			);
			buildRules = (
			);
			dependencies = (
				4AD9D9532940994300BC1EE8 /* PBXTargetDependency */,
			);
			name = ZoneMinderTests;
			productName = ZoneMinderTests;
			productReference = 4AD9D9512940994300BC1EE8 /* ZoneMinderTests.xctest */;
			productType = "com.apple.product-type.bundle.unit-test";
		};
		4AD9D95A2940994300BC1EE8 /* ZoneMinderUITests */ = {
			isa = PBXNativeTarget;
			buildConfigurationList = 4AD9D96B2940994300BC1EE8 /* Build configuration list for PBXNativeTarget "ZoneMinderUITests" */;
			buildPhases = (
				4AD9D9572940994300BC1EE8 /* Sources */,
				4AD9D9582940994300BC1EE8 /* Frameworks */,
				4AD9D9592940994300BC1EE8 /* Resources */,
			);
			buildRules = (
			);
			dependencies = (
				4AD9D95D2940994300BC1EE8 /* PBXTargetDependency */,
			);
			name = ZoneMinderUITests;
			productName = ZoneMinderUITests;
			productReference = 4AD9D95B2940994300BC1EE8 /* ZoneMinderUITests.xctest */;
			productType = "com.apple.product-type.bundle.ui-testing";
		};
/* End PBXNativeTarget section */

/* Begin PBXProject section */
		4AD9D9362940994200BC1EE8 /* Project object */ = {
			isa = PBXProject;
			attributes = {
				BuildIndependentTargetsInParallel = 1;
				LastSwiftUpdateCheck = 1400;
				LastUpgradeCheck = 1400;
				TargetAttributes = {
					4AD9D93D2940994200BC1EE8 = {
						CreatedOnToolsVersion = 14.0.1;
					};
					4AD9D9502940994300BC1EE8 = {
						CreatedOnToolsVersion = 14.0.1;
						TestTargetID = 4AD9D93D2940994200BC1EE8;
					};
					4AD9D95A2940994300BC1EE8 = {
						CreatedOnToolsVersion = 14.0.1;
						TestTargetID = 4AD9D93D2940994200BC1EE8;
					};
				};
			};
			buildConfigurationList = 4AD9D9392940994200BC1EE8 /* Build configuration list for PBXProject "ZoneMinder" */;
			compatibilityVersion = "Xcode 12.0";
			developmentRegion = en;
			hasScannedForEncodings = 0;
			knownRegions = (
				en,
				Base,
			);
			mainGroup = 4AD9D9352940994200BC1EE8;
			productRefGroup = 4AD9D93F2940994200BC1EE8 /* Products */;
			projectDirPath = "";
			projectRoot = "";
			targets = (
				4AD9D93D2940994200BC1EE8 /* ZoneMinder */,
				4AD9D9502940994300BC1EE8 /* ZoneMinderTests */,
				4AD9D95A2940994300BC1EE8 /* ZoneMinderUITests */,
			);
		};
/* End PBXProject section */

/* Begin PBXResourcesBuildPhase section */
		4AD9D93C2940994200BC1EE8 /* Resources */ = {
			isa = PBXResourcesBuildPhase;
			buildActionMask = 2147483647;
			files = (
				4A00DD9829504169000D66F6 /* MJPEGStreamLib in Resources */,
				4A9C9EA12949FC640051C695 /* AllowedTVs.json in Resources */,
				4AD9D94C2940994300BC1EE8 /* LaunchScreen.storyboard in Resources */,
				4A9C9EA32949FC6B0051C695 /* Cameras.json in Resources */,
				4AD9D9492940994300BC1EE8 /* Assets.xcassets in Resources */,
				4AD9D9472940994200BC1EE8 /* Main.storyboard in Resources */,
			);
			runOnlyForDeploymentPostprocessing = 0;
		};
		4AD9D94F2940994300BC1EE8 /* Resources */ = {
			isa = PBXResourcesBuildPhase;
			buildActionMask = 2147483647;
			files = (
			);
			runOnlyForDeploymentPostprocessing = 0;
		};
		4AD9D9592940994300BC1EE8 /* Resources */ = {
			isa = PBXResourcesBuildPhase;
			buildActionMask = 2147483647;
			files = (
			);
			runOnlyForDeploymentPostprocessing = 0;
		};
/* End PBXResourcesBuildPhase section */

/* Begin PBXSourcesBuildPhase section */
		4AD9D93A2940994200BC1EE8 /* Sources */ = {
			isa = PBXSourcesBuildPhase;
			buildActionMask = 2147483647;
			files = (
				4AB3FDB0294C93F600875B8D /* SidebarRootMenuViewController.swift in Sources */,
				4AD9D9442940994200BC1EE8 /* WelcomeController.swift in Sources */,
				4AB3FDAE294C928F00875B8D /* UIExtensions.swift in Sources */,
				4AB3FDAB294C7C5400875B8D /* TVTableCellRenderer.swift in Sources */,
				4A00DD92295037B8000D66F6 /* SidebarSubMenuViewController.swift in Sources */,
				4A4B907A2948A6E800CCF938 /* DataManager.swift in Sources */,
				4AC9640C295305EA000F0EFB /* CameraFullscreenViewController.swift in Sources */,
				4AD9D9422940994200BC1EE8 /* AppDelegate.swift in Sources */,
				4A4B907F2948A89B00CCF938 /* CameraItemVO.swift in Sources */,
				4A4B907D2948A86E00CCF938 /* TVItemVO.swift in Sources */,
				4A00DD94295039BB000D66F6 /* ListingViewController.swift in Sources */,
				4AC9640E295325E0000F0EFB /* Constants.swift in Sources */,
				4AC9641429532FB7000F0EFB /* GroupVO.swift in Sources */,
				4A00DD962950406A000D66F6 /* CameraCollectionViewCell.swift in Sources */,
				4A00DD9B295045BA000D66F6 /* MJPEGStreamLib.swift in Sources */,
				4AC2142329545C2B00FAD9B7 /* SplitViewController.swift in Sources */,
			);
			runOnlyForDeploymentPostprocessing = 0;
		};
		4AD9D94D2940994300BC1EE8 /* Sources */ = {
			isa = PBXSourcesBuildPhase;
			buildActionMask = 2147483647;
			files = (
				4AD9D9562940994300BC1EE8 /* ZoneMinderTests.swift in Sources */,
			);
			runOnlyForDeploymentPostprocessing = 0;
		};
		4AD9D9572940994300BC1EE8 /* Sources */ = {
			isa = PBXSourcesBuildPhase;
			buildActionMask = 2147483647;
			files = (
				4AD9D9602940994300BC1EE8 /* ZoneMinderUITests.swift in Sources */,
				4AD9D9622940994300BC1EE8 /* ZoneMinderUITestsLaunchTests.swift in Sources */,
			);
			runOnlyForDeploymentPostprocessing = 0;
		};
/* End PBXSourcesBuildPhase section */

/* Begin PBXTargetDependency section */
		4AD9D9532940994300BC1EE8 /* PBXTargetDependency */ = {
			isa = PBXTargetDependency;
			target = 4AD9D93D2940994200BC1EE8 /* ZoneMinder */;
			targetProxy = 4AD9D9522940994300BC1EE8 /* PBXContainerItemProxy */;
		};
		4AD9D95D2940994300BC1EE8 /* PBXTargetDependency */ = {
			isa = PBXTargetDependency;
			target = 4AD9D93D2940994200BC1EE8 /* ZoneMinder */;
			targetProxy = 4AD9D95C2940994300BC1EE8 /* PBXContainerItemProxy */;
		};
/* End PBXTargetDependency section */

/* Begin PBXVariantGroup section */
		4AD9D9452940994200BC1EE8 /* Main.storyboard */ = {
			isa = PBXVariantGroup;
			children = (
				4AD9D9462940994200BC1EE8 /* Base */,
			);
			name = Main.storyboard;
			sourceTree = "<group>";
		};
		4AD9D94A2940994300BC1EE8 /* LaunchScreen.storyboard */ = {
			isa = PBXVariantGroup;
			children = (
				4AD9D94B2940994300BC1EE8 /* Base */,
			);
			name = LaunchScreen.storyboard;
			sourceTree = "<group>";
		};
/* End PBXVariantGroup section */

/* Begin XCBuildConfiguration section */
		4AD9D9632940994300BC1EE8 /* Debug */ = {
			isa = XCBuildConfiguration;
			buildSettings = {
				ALWAYS_SEARCH_USER_PATHS = NO;
				CLANG_ANALYZER_NONNULL = YES;
				CLANG_ANALYZER_NUMBER_OBJECT_CONVERSION = YES_AGGRESSIVE;
				CLANG_CXX_LANGUAGE_STANDARD = "gnu++20";
				CLANG_ENABLE_MODULES = YES;
				CLANG_ENABLE_OBJC_ARC = YES;
				CLANG_ENABLE_OBJC_WEAK = YES;
				CLANG_WARN_BLOCK_CAPTURE_AUTORELEASING = YES;
				CLANG_WARN_BOOL_CONVERSION = YES;
				CLANG_WARN_COMMA = YES;
				CLANG_WARN_CONSTANT_CONVERSION = YES;
				CLANG_WARN_DEPRECATED_OBJC_IMPLEMENTATIONS = YES;
				CLANG_WARN_DIRECT_OBJC_ISA_USAGE = YES_ERROR;
				CLANG_WARN_DOCUMENTATION_COMMENTS = YES;
				CLANG_WARN_EMPTY_BODY = YES;
				CLANG_WARN_ENUM_CONVERSION = YES;
				CLANG_WARN_INFINITE_RECURSION = YES;
				CLANG_WARN_INT_CONVERSION = YES;
				CLANG_WARN_NON_LITERAL_NULL_CONVERSION = YES;
				CLANG_WARN_OBJC_IMPLICIT_RETAIN_SELF = YES;
				CLANG_WARN_OBJC_LITERAL_CONVERSION = YES;
				CLANG_WARN_OBJC_ROOT_CLASS = YES_ERROR;
				CLANG_WARN_QUOTED_INCLUDE_IN_FRAMEWORK_HEADER = YES;
				CLANG_WARN_RANGE_LOOP_ANALYSIS = YES;
				CLANG_WARN_STRICT_PROTOTYPES = YES;
				CLANG_WARN_SUSPICIOUS_MOVE = YES;
				CLANG_WARN_UNGUARDED_AVAILABILITY = YES_AGGRESSIVE;
				CLANG_WARN_UNREACHABLE_CODE = YES;
				CLANG_WARN__DUPLICATE_METHOD_MATCH = YES;
				COPY_PHASE_STRIP = NO;
				DEBUG_INFORMATION_FORMAT = dwarf;
				ENABLE_STRICT_OBJC_MSGSEND = YES;
				ENABLE_TESTABILITY = YES;
				GCC_C_LANGUAGE_STANDARD = gnu11;
				GCC_DYNAMIC_NO_PIC = NO;
				GCC_NO_COMMON_BLOCKS = YES;
				GCC_OPTIMIZATION_LEVEL = 0;
				GCC_PREPROCESSOR_DEFINITIONS = (
					"DEBUG=1",
					"$(inherited)",
				);
				GCC_WARN_64_TO_32_BIT_CONVERSION = YES;
				GCC_WARN_ABOUT_RETURN_TYPE = YES_ERROR;
				GCC_WARN_UNDECLARED_SELECTOR = YES;
				GCC_WARN_UNINITIALIZED_AUTOS = YES_AGGRESSIVE;
				GCC_WARN_UNUSED_FUNCTION = YES;
				GCC_WARN_UNUSED_VARIABLE = YES;
				MTL_ENABLE_DEBUG_INFO = INCLUDE_SOURCE;
				MTL_FAST_MATH = YES;
				ONLY_ACTIVE_ARCH = YES;
				SDKROOT = appletvos;
				SWIFT_ACTIVE_COMPILATION_CONDITIONS = DEBUG;
				SWIFT_OPTIMIZATION_LEVEL = "-Onone";
				TVOS_DEPLOYMENT_TARGET = 16.0;
			};
			name = Debug;
		};
		4AD9D9642940994300BC1EE8 /* Release */ = {
			isa = XCBuildConfiguration;
			buildSettings = {
				ALWAYS_SEARCH_USER_PATHS = NO;
				CLANG_ANALYZER_NONNULL = YES;
				CLANG_ANALYZER_NUMBER_OBJECT_CONVERSION = YES_AGGRESSIVE;
				CLANG_CXX_LANGUAGE_STANDARD = "gnu++20";
				CLANG_ENABLE_MODULES = YES;
				CLANG_ENABLE_OBJC_ARC = YES;
				CLANG_ENABLE_OBJC_WEAK = YES;
				CLANG_WARN_BLOCK_CAPTURE_AUTORELEASING = YES;
				CLANG_WARN_BOOL_CONVERSION = YES;
				CLANG_WARN_COMMA = YES;
				CLANG_WARN_CONSTANT_CONVERSION = YES;
				CLANG_WARN_DEPRECATED_OBJC_IMPLEMENTATIONS = YES;
				CLANG_WARN_DIRECT_OBJC_ISA_USAGE = YES_ERROR;
				CLANG_WARN_DOCUMENTATION_COMMENTS = YES;
				CLANG_WARN_EMPTY_BODY = YES;
				CLANG_WARN_ENUM_CONVERSION = YES;
				CLANG_WARN_INFINITE_RECURSION = YES;
				CLANG_WARN_INT_CONVERSION = YES;
				CLANG_WARN_NON_LITERAL_NULL_CONVERSION = YES;
				CLANG_WARN_OBJC_IMPLICIT_RETAIN_SELF = YES;
				CLANG_WARN_OBJC_LITERAL_CONVERSION = YES;
				CLANG_WARN_OBJC_ROOT_CLASS = YES_ERROR;
				CLANG_WARN_QUOTED_INCLUDE_IN_FRAMEWORK_HEADER = YES;
				CLANG_WARN_RANGE_LOOP_ANALYSIS = YES;
				CLANG_WARN_STRICT_PROTOTYPES = YES;
				CLANG_WARN_SUSPICIOUS_MOVE = YES;
				CLANG_WARN_UNGUARDED_AVAILABILITY = YES_AGGRESSIVE;
				CLANG_WARN_UNREACHABLE_CODE = YES;
				CLANG_WARN__DUPLICATE_METHOD_MATCH = YES;
				COPY_PHASE_STRIP = NO;
				DEBUG_INFORMATION_FORMAT = "dwarf-with-dsym";
				ENABLE_NS_ASSERTIONS = NO;
				ENABLE_STRICT_OBJC_MSGSEND = YES;
				GCC_C_LANGUAGE_STANDARD = gnu11;
				GCC_NO_COMMON_BLOCKS = YES;
				GCC_WARN_64_TO_32_BIT_CONVERSION = YES;
				GCC_WARN_ABOUT_RETURN_TYPE = YES_ERROR;
				GCC_WARN_UNDECLARED_SELECTOR = YES;
				GCC_WARN_UNINITIALIZED_AUTOS = YES_AGGRESSIVE;
				GCC_WARN_UNUSED_FUNCTION = YES;
				GCC_WARN_UNUSED_VARIABLE = YES;
				MTL_ENABLE_DEBUG_INFO = NO;
				MTL_FAST_MATH = YES;
				SDKROOT = appletvos;
				SWIFT_COMPILATION_MODE = wholemodule;
				SWIFT_OPTIMIZATION_LEVEL = "-O";
				TVOS_DEPLOYMENT_TARGET = 16.0;
				VALIDATE_PRODUCT = YES;
			};
			name = Release;
		};
		4AD9D9662940994300BC1EE8 /* Debug */ = {
			isa = XCBuildConfiguration;
			buildSettings = {
				ASSETCATALOG_COMPILER_APPICON_NAME = "App Icon & Top Shelf Image";
				ASSETCATALOG_COMPILER_GLOBAL_ACCENT_COLOR_NAME = AccentColor;
				CODE_SIGN_STYLE = Automatic;
				CURRENT_PROJECT_VERSION = 1;
				DEVELOPMENT_TEAM = LS9K97G9DD;
				GENERATE_INFOPLIST_FILE = YES;
				INFOPLIST_KEY_UILaunchStoryboardName = LaunchScreen;
				INFOPLIST_KEY_UIMainStoryboardFile = Main;
				INFOPLIST_KEY_UIUserInterfaceStyle = Automatic;
				LD_RUNPATH_SEARCH_PATHS = (
					"$(inherited)",
					"@executable_path/Frameworks",
				);
				MARKETING_VERSION = 1.0;
				PRODUCT_BUNDLE_IDENTIFIER = net.prominic.ZoneMinder;
				PRODUCT_NAME = "$(TARGET_NAME)";
				SWIFT_EMIT_LOC_STRINGS = YES;
				SWIFT_VERSION = 5.0;
				TARGETED_DEVICE_FAMILY = 3;
				TVOS_DEPLOYMENT_TARGET = 14.3;
			};
			name = Debug;
		};
		4AD9D9672940994300BC1EE8 /* Release */ = {
			isa = XCBuildConfiguration;
			buildSettings = {
				ASSETCATALOG_COMPILER_APPICON_NAME = "App Icon & Top Shelf Image";
				ASSETCATALOG_COMPILER_GLOBAL_ACCENT_COLOR_NAME = AccentColor;
				CODE_SIGN_STYLE = Automatic;
				CURRENT_PROJECT_VERSION = 1;
				DEVELOPMENT_TEAM = LS9K97G9DD;
				GENERATE_INFOPLIST_FILE = YES;
				INFOPLIST_KEY_UILaunchStoryboardName = LaunchScreen;
				INFOPLIST_KEY_UIMainStoryboardFile = Main;
				INFOPLIST_KEY_UIUserInterfaceStyle = Automatic;
				LD_RUNPATH_SEARCH_PATHS = (
					"$(inherited)",
					"@executable_path/Frameworks",
				);
				MARKETING_VERSION = 1.0;
				PRODUCT_BUNDLE_IDENTIFIER = net.prominic.ZoneMinder;
				PRODUCT_NAME = "$(TARGET_NAME)";
				SWIFT_EMIT_LOC_STRINGS = YES;
				SWIFT_VERSION = 5.0;
				TARGETED_DEVICE_FAMILY = 3;
				TVOS_DEPLOYMENT_TARGET = 14.3;
			};
			name = Release;
		};
		4AD9D9692940994300BC1EE8 /* Debug */ = {
			isa = XCBuildConfiguration;
			buildSettings = {
				ALWAYS_EMBED_SWIFT_STANDARD_LIBRARIES = YES;
				BUNDLE_LOADER = "$(TEST_HOST)";
				CODE_SIGN_STYLE = Automatic;
				CURRENT_PROJECT_VERSION = 1;
				DEVELOPMENT_TEAM = LS9K97G9DD;
				GENERATE_INFOPLIST_FILE = YES;
				MARKETING_VERSION = 1.0;
				PRODUCT_BUNDLE_IDENTIFIER = net.prominic.ZoneMinderTests;
				PRODUCT_NAME = "$(TARGET_NAME)";
				SWIFT_EMIT_LOC_STRINGS = NO;
				SWIFT_VERSION = 5.0;
				TARGETED_DEVICE_FAMILY = 3;
				TEST_HOST = "$(BUILT_PRODUCTS_DIR)/ZoneMinder.app/$(BUNDLE_EXECUTABLE_FOLDER_PATH)/ZoneMinder";
				TVOS_DEPLOYMENT_TARGET = 16.0;
			};
			name = Debug;
		};
		4AD9D96A2940994300BC1EE8 /* Release */ = {
			isa = XCBuildConfiguration;
			buildSettings = {
				ALWAYS_EMBED_SWIFT_STANDARD_LIBRARIES = YES;
				BUNDLE_LOADER = "$(TEST_HOST)";
				CODE_SIGN_STYLE = Automatic;
				CURRENT_PROJECT_VERSION = 1;
				DEVELOPMENT_TEAM = LS9K97G9DD;
				GENERATE_INFOPLIST_FILE = YES;
				MARKETING_VERSION = 1.0;
				PRODUCT_BUNDLE_IDENTIFIER = net.prominic.ZoneMinderTests;
				PRODUCT_NAME = "$(TARGET_NAME)";
				SWIFT_EMIT_LOC_STRINGS = NO;
				SWIFT_VERSION = 5.0;
				TARGETED_DEVICE_FAMILY = 3;
				TEST_HOST = "$(BUILT_PRODUCTS_DIR)/ZoneMinder.app/$(BUNDLE_EXECUTABLE_FOLDER_PATH)/ZoneMinder";
				TVOS_DEPLOYMENT_TARGET = 16.0;
			};
			name = Release;
		};
		4AD9D96C2940994300BC1EE8 /* Debug */ = {
			isa = XCBuildConfiguration;
			buildSettings = {
				ALWAYS_EMBED_SWIFT_STANDARD_LIBRARIES = YES;
				CODE_SIGN_STYLE = Automatic;
				CURRENT_PROJECT_VERSION = 1;
				DEVELOPMENT_TEAM = LS9K97G9DD;
				GENERATE_INFOPLIST_FILE = YES;
				MARKETING_VERSION = 1.0;
				PRODUCT_BUNDLE_IDENTIFIER = net.prominic.ZoneMinderUITests;
				PRODUCT_NAME = "$(TARGET_NAME)";
				SWIFT_EMIT_LOC_STRINGS = NO;
				SWIFT_VERSION = 5.0;
				TARGETED_DEVICE_FAMILY = 3;
				TEST_TARGET_NAME = ZoneMinder;
			};
			name = Debug;
		};
		4AD9D96D2940994300BC1EE8 /* Release */ = {
			isa = XCBuildConfiguration;
			buildSettings = {
				ALWAYS_EMBED_SWIFT_STANDARD_LIBRARIES = YES;
				CODE_SIGN_STYLE = Automatic;
				CURRENT_PROJECT_VERSION = 1;
				DEVELOPMENT_TEAM = LS9K97G9DD;
				GENERATE_INFOPLIST_FILE = YES;
				MARKETING_VERSION = 1.0;
				PRODUCT_BUNDLE_IDENTIFIER = net.prominic.ZoneMinderUITests;
				PRODUCT_NAME = "$(TARGET_NAME)";
				SWIFT_EMIT_LOC_STRINGS = NO;
				SWIFT_VERSION = 5.0;
				TARGETED_DEVICE_FAMILY = 3;
				TEST_TARGET_NAME = ZoneMinder;
			};
			name = Release;
		};
/* End XCBuildConfiguration section */

/* Begin XCConfigurationList section */
		4AD9D9392940994200BC1EE8 /* Build configuration list for PBXProject "ZoneMinder" */ = {
			isa = XCConfigurationList;
			buildConfigurations = (
				4AD9D9632940994300BC1EE8 /* Debug */,
				4AD9D9642940994300BC1EE8 /* Release */,
			);
			defaultConfigurationIsVisible = 0;
			defaultConfigurationName = Release;
		};
		4AD9D9652940994300BC1EE8 /* Build configuration list for PBXNativeTarget "ZoneMinder" */ = {
			isa = XCConfigurationList;
			buildConfigurations = (
				4AD9D9662940994300BC1EE8 /* Debug */,
				4AD9D9672940994300BC1EE8 /* Release */,
			);
			defaultConfigurationIsVisible = 0;
			defaultConfigurationName = Release;
		};
		4AD9D9682940994300BC1EE8 /* Build configuration list for PBXNativeTarget "ZoneMinderTests" */ = {
			isa = XCConfigurationList;
			buildConfigurations = (
				4AD9D9692940994300BC1EE8 /* Debug */,
				4AD9D96A2940994300BC1EE8 /* Release */,
			);
			defaultConfigurationIsVisible = 0;
			defaultConfigurationName = Release;
		};
		4AD9D96B2940994300BC1EE8 /* Build configuration list for PBXNativeTarget "ZoneMinderUITests" */ = {
			isa = XCConfigurationList;
			buildConfigurations = (
				4AD9D96C2940994300BC1EE8 /* Debug */,
				4AD9D96D2940994300BC1EE8 /* Release */,
			);
			defaultConfigurationIsVisible = 0;
			defaultConfigurationName = Release;
		};
/* End XCConfigurationList section */
	};
	rootObject = 4AD9D9362940994200BC1EE8 /* Project object */;
}
